
Microsoft Visual Studio Solution File, Format Version 12.00
# Visual Studio 15
VisualStudioVersion = 15.0.27130.2036
MinimumVisualStudioVersion = 10.0.40219.1
Project("{8BC9CEB8-8B4A-11D0-8D11-00A0C91BC942}") = "PublicModule", "PublicModule\PublicModule.vcxitems", "{A38F60FE-2AE0-4543-B0D4-D9E2173B74A0}"
EndProject
Project("{8BC9CEB8-8B4A-11D0-8D11-00A0C91BC942}") = "PublicModuleGUI", "PublicModuleGUI\PublicModuleGUI.vcxitems", "{0F14E02B-6FE7-4510-B827-610EBE37F8F7}"
EndProject
Project("{8BC9CEB8-8B4A-11D0-8D11-00A0C91BC942}") = "VisualExperimentalDesignAids", "VisualExperimentalDesignAids\VisualExperimentalDesignAids.vcxproj", "{B12702AD-ABFB-343A-A199-8E24837244A3}"
EndProject
Project("{2150E333-8FDC-42A3-9474-1A3956D46DE8}") = "XSDAnalyzer", "XSDAnalyzer", "{4D6D01A5-CC08-42BA-AA26-3D98A0E30C23}"
EndProject
Project("{8BC9CEB8-8B4A-11D0-8D11-00A0C91BC942}") = "CompleyTypeAnalyzer", "XSDAnalyzer\CompleyTypeAnalyzer\CompleyTypeAnalyzer.vcxproj", "{4233E0A3-B03D-4E69-92DA-6AA2E17DADD7}"
EndProject
Project("{8BC9CEB8-8B4A-11D0-8D11-00A0C91BC942}") = "BaseTypeAnalyzer", "XSDAnalyzer\BaseTypeAnalyzer\BaseTypeAnalyzer.vcxproj", "{12454E6C-F7B1-4798-9918-AD85728D90CF}"
EndProject
Project("{2150E333-8FDC-42A3-9474-1A3956D46DE8}") = "test", "test", "{E58FF7E3-F102-44EE-AE1C-9FBD2AC424F5}"
EndProject
Project("{8BC9CEB8-8B4A-11D0-8D11-00A0C91BC942}") = "TestChineseNumberUtils", "test\TestChineseNumberUtils\TestChineseNumberUtils.vcxproj", "{F1B7385C-D4E1-4698-BEB2-667CDA8BDCCE}"
EndProject
Project("{8BC9CEB8-8B4A-11D0-8D11-00A0C91BC942}") = "TestRealBlockTranslator", "test\TestRealBlockTranslator\TestRealBlockTranslator.vcxproj", "{E862B89C-7C7C-4F4F-B30A-6E6A8975DA4F}"
EndProject
Project("{8BC9CEB8-8B4A-11D0-8D11-00A0C91BC942}") = "SSXSDUtils", "SSXSDUtils\SSXSDUtils.vcxproj", "{0E8F621B-CF34-4374-90A9-89FE0C1CD436}"
EndProject
Global
	GlobalSection(SharedMSBuildProjectFiles) = preSolution
		PublicModule\PublicModule.vcxitems*{0e8f621b-cf34-4374-90a9-89fe0c1cd436}*SharedItemsImports = 4
		PublicModuleGUI\PublicModuleGUI.vcxitems*{0f14e02b-6fe7-4510-b827-610ebe37f8f7}*SharedItemsImports = 9
		PublicModule\PublicModule.vcxitems*{12454e6c-f7b1-4798-9918-ad85728d90cf}*SharedItemsImports = 4
		PublicModule\PublicModule.vcxitems*{4233e0a3-b03d-4e69-92da-6aa2e17dadd7}*SharedItemsImports = 4
		PublicModule\PublicModule.vcxitems*{a38f60fe-2ae0-4543-b0d4-d9e2173b74a0}*SharedItemsImports = 9
		PublicModuleGUI\PublicModuleGUI.vcxitems*{b12702ad-abfb-343a-a199-8e24837244a3}*SharedItemsImports = 4
		PublicModule\PublicModule.vcxitems*{b12702ad-abfb-343a-a199-8e24837244a3}*SharedItemsImports = 4
		PublicModule\PublicModule.vcxitems*{e862b89c-7c7c-4f4f-b30a-6e6a8975da4f}*SharedItemsImports = 4
		PublicModule\PublicModule.vcxitems*{f1b7385c-d4e1-4698-beb2-667cda8bdcce}*SharedItemsImports = 4
	EndGlobalSection
	GlobalSection(SolutionConfigurationPlatforms) = preSolution
		Debug|x64 = Debug|x64
		Debug|x86 = Debug|x86
		Release|x64 = Release|x64
		Release|x86 = Release|x86
	EndGlobalSection
	GlobalSection(ProjectConfigurationPlatforms) = postSolution
		{B12702AD-ABFB-343A-A199-8E24837244A3}.Debug|x64.ActiveCfg = Debug|x64
		{B12702AD-ABFB-343A-A199-8E24837244A3}.Debug|x64.Build.0 = Debug|x64
		{B12702AD-ABFB-343A-A199-8E24837244A3}.Debug|x86.ActiveCfg = Debug|x64
		{B12702AD-ABFB-343A-A199-8E24837244A3}.Release|x64.ActiveCfg = Release|x64
		{B12702AD-ABFB-343A-A199-8E24837244A3}.Release|x64.Build.0 = Release|x64
		{B12702AD-ABFB-343A-A199-8E24837244A3}.Release|x86.ActiveCfg = Release|x64
		{4233E0A3-B03D-4E69-92DA-6AA2E17DADD7}.Debug|x64.ActiveCfg = Debug|x64
		{4233E0A3-B03D-4E69-92DA-6AA2E17DADD7}.Debug|x64.Build.0 = Debug|x64
		{4233E0A3-B03D-4E69-92DA-6AA2E17DADD7}.Debug|x86.ActiveCfg = Debug|Win32
		{4233E0A3-B03D-4E69-92DA-6AA2E17DADD7}.Debug|x86.Build.0 = Debug|Win32
		{4233E0A3-B03D-4E69-92DA-6AA2E17DADD7}.Release|x64.ActiveCfg = Release|x64
		{4233E0A3-B03D-4E69-92DA-6AA2E17DADD7}.Release|x64.Build.0 = Release|x64
		{4233E0A3-B03D-4E69-92DA-6AA2E17DADD7}.Release|x86.ActiveCfg = Release|Win32
		{4233E0A3-B03D-4E69-92DA-6AA2E17DADD7}.Release|x86.Build.0 = Release|Win32
		{12454E6C-F7B1-4798-9918-AD85728D90CF}.Debug|x64.ActiveCfg = Debug|x64
		{12454E6C-F7B1-4798-9918-AD85728D90CF}.Debug|x64.Build.0 = Debug|x64
		{12454E6C-F7B1-4798-9918-AD85728D90CF}.Debug|x86.ActiveCfg = Debug|Win32
		{12454E6C-F7B1-4798-9918-AD85728D90CF}.Debug|x86.Build.0 = Debug|Win32
		{12454E6C-F7B1-4798-9918-AD85728D90CF}.Release|x64.ActiveCfg = Release|x64
		{12454E6C-F7B1-4798-9918-AD85728D90CF}.Release|x64.Build.0 = Release|x64
		{12454E6C-F7B1-4798-9918-AD85728D90CF}.Release|x86.ActiveCfg = Release|Win32
		{12454E6C-F7B1-4798-9918-AD85728D90CF}.Release|x86.Build.0 = Release|Win32
		{F1B7385C-D4E1-4698-BEB2-667CDA8BDCCE}.Debug|x64.ActiveCfg = Debug|x64
		{F1B7385C-D4E1-4698-BEB2-667CDA8BDCCE}.Debug|x64.Build.0 = Debug|x64
		{F1B7385C-D4E1-4698-BEB2-667CDA8BDCCE}.Debug|x86.ActiveCfg = Debug|Win32
		{F1B7385C-D4E1-4698-BEB2-667CDA8BDCCE}.Debug|x86.Build.0 = Debug|Win32
		{F1B7385C-D4E1-4698-BEB2-667CDA8BDCCE}.Release|x64.ActiveCfg = Release|x64
		{F1B7385C-D4E1-4698-BEB2-667CDA8BDCCE}.Release|x64.Build.0 = Release|x64
		{F1B7385C-D4E1-4698-BEB2-667CDA8BDCCE}.Release|x86.ActiveCfg = Release|Win32
		{F1B7385C-D4E1-4698-BEB2-667CDA8BDCCE}.Release|x86.Build.0 = Release|Win32
		{E862B89C-7C7C-4F4F-B30A-6E6A8975DA4F}.Debug|x64.ActiveCfg = Debug|x64
		{E862B89C-7C7C-4F4F-B30A-6E6A8975DA4F}.Debug|x64.Build.0 = Debug|x64
		{E862B89C-7C7C-4F4F-B30A-6E6A8975DA4F}.Debug|x86.ActiveCfg = Debug|Win32
		{E862B89C-7C7C-4F4F-B30A-6E6A8975DA4F}.Debug|x86.Build.0 = Debug|Win32
		{E862B89C-7C7C-4F4F-B30A-6E6A8975DA4F}.Release|x64.ActiveCfg = Release|x64
		{E862B89C-7C7C-4F4F-B30A-6E6A8975DA4F}.Release|x64.Build.0 = Release|x64
		{E862B89C-7C7C-4F4F-B30A-6E6A8975DA4F}.Release|x86.ActiveCfg = Release|Win32
		{E862B89C-7C7C-4F4F-B30A-6E6A8975DA4F}.Release|x86.Build.0 = Release|Win32
		{0E8F621B-CF34-4374-90A9-89FE0C1CD436}.Debug|x64.ActiveCfg = Debug|x64
		{0E8F621B-CF34-4374-90A9-89FE0C1CD436}.Debug|x64.Build.0 = Debug|x64
		{0E8F621B-CF34-4374-90A9-89FE0C1CD436}.Debug|x86.ActiveCfg = Debug|Win32
		{0E8F621B-CF34-4374-90A9-89FE0C1CD436}.Debug|x86.Build.0 = Debug|Win32
		{0E8F621B-CF34-4374-90A9-89FE0C1CD436}.Release|x64.ActiveCfg = Release|x64
		{0E8F621B-CF34-4374-90A9-89FE0C1CD436}.Release|x64.Build.0 = Release|x64
		{0E8F621B-CF34-4374-90A9-89FE0C1CD436}.Release|x86.ActiveCfg = Release|Win32
		{0E8F621B-CF34-4374-90A9-89FE0C1CD436}.Release|x86.Build.0 = Release|Win32
	EndGlobalSection
	GlobalSection(SolutionProperties) = preSolution
		HideSolutionNode = FALSE
	EndGlobalSection
	GlobalSection(NestedProjects) = preSolution
		{4233E0A3-B03D-4E69-92DA-6AA2E17DADD7} = {4D6D01A5-CC08-42BA-AA26-3D98A0E30C23}
		{12454E6C-F7B1-4798-9918-AD85728D90CF} = {4D6D01A5-CC08-42BA-AA26-3D98A0E30C23}
		{F1B7385C-D4E1-4698-BEB2-667CDA8BDCCE} = {E58FF7E3-F102-44EE-AE1C-9FBD2AC424F5}
		{E862B89C-7C7C-4F4F-B30A-6E6A8975DA4F} = {E58FF7E3-F102-44EE-AE1C-9FBD2AC424F5}
	EndGlobalSection
	GlobalSection(ExtensibilityGlobals) = postSolution
		SolutionGuid = {628346A6-E263-4FDB-A8A0-E60BF6C000A5}
	EndGlobalSection
EndGlobal
