<?xml version="1.0" encoding="utf-8"?>
<Project ToolsVersion="4.0" xmlns="http://schemas.microsoft.com/developer/msbuild/2003">
  <ItemGroup>
    <Filter Include="Source Files">
      <UniqueIdentifier>{4FC737F1-C7A5-4376-A066-2A32D752A2FF}</UniqueIdentifier>
      <Extensions>cpp;c;cc;cxx;def;odl;idl;hpj;bat;asm;asmx</Extensions>
    </Filter>
    <Filter Include="Header Files">
      <UniqueIdentifier>{93995380-89BD-4b04-88EB-625FBE52EBFB}</UniqueIdentifier>
      <Extensions>h;hh;hpp;hxx;hm;inl;inc;xsd</Extensions>
    </Filter>
    <Filter Include="Resource Files">
      <UniqueIdentifier>{D9D6E242-F8AF-46E4-B9FD-80ECBC20BA3E}</UniqueIdentifier>
      <Extensions>qrc;*</Extensions>
      <ParseFiles>false</ParseFiles>
    </Filter>
    <Filter Include="Form Files">
      <UniqueIdentifier>{99349809-55BA-4b9d-BF79-8FDBB0286EB3}</UniqueIdentifier>
      <Extensions>ui</Extensions>
    </Filter>
    <Filter Include="Resource Files">
      <UniqueIdentifier>{D9D6E242-F8AF-46E4-B9FD-80ECBC20BA3E}</UniqueIdentifier>
      <Extensions>qrc;*</Extensions>
      <ParseFiles>false</ParseFiles>
    </Filter>
    <Filter Include="Generated Files">
      <UniqueIdentifier>{71ED8ED8-ACB9-4CE9-BBE1-E00B30144E11}</UniqueIdentifier>
      <Extensions>moc;h;cpp</Extensions>
      <SourceControlFiles>False</SourceControlFiles>
    </Filter>
    <Filter Include="Header Files\MenuBar">
      <UniqueIdentifier>{33f1a28f-202f-4f32-83de-b23da4d2ac07}</UniqueIdentifier>
    </Filter>
    <Filter Include="Source Files\MenuBar">
      <UniqueIdentifier>{8d22a5f0-334c-41b4-a8ac-c035cf9e034f}</UniqueIdentifier>
    </Filter>
    <Filter Include="Source Files\Dialog">
      <UniqueIdentifier>{12f903f7-0a4b-428c-85e1-67b8e7aa7964}</UniqueIdentifier>
    </Filter>
    <Filter Include="Header Files\Dialog">
      <UniqueIdentifier>{787c17a4-47db-4b01-99b5-c11c5eca00c1}</UniqueIdentifier>
    </Filter>
    <Filter Include="Header Files\ProjectHandler">
      <UniqueIdentifier>{64b170a2-5d66-46cd-8479-4edaf6ba2d04}</UniqueIdentifier>
    </Filter>
    <Filter Include="Source Files\ProjectHandler">
      <UniqueIdentifier>{88a46f46-eb39-40d1-8534-c3f064b68105}</UniqueIdentifier>
    </Filter>
  </ItemGroup>
  <ItemGroup>
    <ClCompile Include="VEDAMainWindow.cpp">
      <Filter>Source Files</Filter>
    </ClCompile>
    <ClCompile Include="VEDAGlobal.cpp">
      <Filter>Source Files</Filter>
    </ClCompile>
    <ClCompile Include="VEDAVersion.cpp">
      <Filter>Source Files</Filter>
    </ClCompile>
    <ClCompile Include="main.cpp">
      <Filter>Source Files</Filter>
    </ClCompile>
    <ClCompile Include="VEDAMenuBarFile.cpp">
      <Filter>Source Files\MenuBar</Filter>
    </ClCompile>
    <ClCompile Include="VEDAMenuBarHelp.cpp">
      <Filter>Source Files\MenuBar</Filter>
    </ClCompile>
    <ClCompile Include="VEDAMenuBarExport.cpp">
      <Filter>Source Files\MenuBar</Filter>
    </ClCompile>
    <ClCompile Include="VEDAAboutDialog.cpp">
      <Filter>Source Files\Dialog</Filter>
    </ClCompile>
    <ClCompile Include="VEDAInitProjectDialog.cpp">
      <Filter>Source Files\Dialog</Filter>
    </ClCompile>
    <ClCompile Include="VEDAProjectHandler.cpp">
      <Filter>Source Files\ProjectHandler</Filter>
    </ClCompile>
    <ClCompile Include="VEDAGuiEntrance.cpp">
      <Filter>Source Files</Filter>
    </ClCompile>
    <ClCompile Include="VEDAFile.cpp">
      <Filter>Source Files\ProjectHandler</Filter>
    </ClCompile>
    <ClCompile Include="VEDADataFile.cpp">
      <Filter>Source Files\ProjectHandler</Filter>
    </ClCompile>
  </ItemGroup>
  <ItemGroup>
    <ClInclude Include="VEDAGlobal.h">
      <Filter>Header Files</Filter>
    </ClInclude>
    <ClInclude Include="VEDAVersion.h">
      <Filter>Header Files</Filter>
    </ClInclude>
    <ClInclude Include="VEDAMenuBar.h">
      <Filter>Header Files\MenuBar</Filter>
    </ClInclude>
    <ClInclude Include="VEDAMenuBarExport.h">
      <Filter>Header Files\MenuBar</Filter>
    </ClInclude>
    <ClInclude Include="VEDAMenuBarFile.h">
      <Filter>Header Files\MenuBar</Filter>
    </ClInclude>
    <ClInclude Include="VEDAMenuBarHelp.h">
      <Filter>Header Files\MenuBar</Filter>
    </ClInclude>
    <ClInclude Include="VEDAGUIEnterence.h">
      <Filter>Header Files</Filter>
    </ClInclude>
    <ClInclude Include="VEDAFile.h">
      <Filter>Header Files\ProjectHandler</Filter>
    </ClInclude>
    <ClInclude Include="VEDADataFile.h">
      <Filter>Header Files\ProjectHandler</Filter>
    </ClInclude>
    <ClInclude Include="VEDAOperationFile.h">
      <Filter>Header Files\ProjectHandler</Filter>
    </ClInclude>
  </ItemGroup>
  <ItemGroup>
    <QtMoc Include="VEDAMainWindow.h">
      <Filter>Header Files</Filter>
    </QtMoc>
    <QtMoc Include="VEDAProjectHandler.h">
      <Filter>Header Files\ProjectHandler</Filter>
    </QtMoc>
    <QtMoc Include="VEDAAboutDialog.h">
      <Filter>Header Files\Dialog</Filter>
    </QtMoc>
    <QtMoc Include="VEDAInitProjectDialog.h">
      <Filter>Header Files\Dialog</Filter>
    </QtMoc>
  </ItemGroup>
  <ItemGroup>
    <QtUic Include="Resources\VEDAMainWindow.ui">
      <Filter>Form Files</Filter>
    </QtUic>
  </ItemGroup>
</Project>