<?xml version="1.0" encoding="utf-8"?>
<Project ToolsVersion="4.0" xmlns="http://schemas.microsoft.com/developer/msbuild/2003">
  <ItemGroup>
    <Filter Include="Source Files">
      <UniqueIdentifier>{4FC737F1-C7A5-4376-A066-2A32D752A2FF}</UniqueIdentifier>
      <Extensions>cpp;c;cc;cxx;def;odl;idl;hpj;bat;asm;asmx</Extensions>
    </Filter>
    <Filter Include="Header Files">
      <UniqueIdentifier>{93995380-89BD-4b04-88EB-625FBE52EBFB}</UniqueIdentifier>
      <Extensions>h;hh;hpp;hxx;hm;inl;inc;xsd</Extensions>
    </Filter>
    <Filter Include="Resource Files">
      <UniqueIdentifier>{D9D6E242-F8AF-46E4-B9FD-80ECBC20BA3E}</UniqueIdentifier>
      <Extensions>qrc;*</Extensions>
      <ParseFiles>false</ParseFiles>
    </Filter>
    <Filter Include="Form Files">
      <UniqueIdentifier>{99349809-55BA-4b9d-BF79-8FDBB0286EB3}</UniqueIdentifier>
      <Extensions>ui</Extensions>
    </Filter>
    <Filter Include="Resource Files">
      <UniqueIdentifier>{D9D6E242-F8AF-46E4-B9FD-80ECBC20BA3E}</UniqueIdentifier>
      <Extensions>qrc;*</Extensions>
      <ParseFiles>false</ParseFiles>
    </Filter>
    <Filter Include="Generated Files">
      <UniqueIdentifier>{71ED8ED8-ACB9-4CE9-BBE1-E00B30144E11}</UniqueIdentifier>
      <Extensions>moc;h;cpp</Extensions>
      <SourceControlFiles>False</SourceControlFiles>
    </Filter>
    <Filter Include="Header Files\GUI">
      <UniqueIdentifier>{442c4fc7-c002-40c2-8567-805ce405d451}</UniqueIdentifier>
    </Filter>
    <Filter Include="Source Files\GUI">
      <UniqueIdentifier>{86df612b-c331-49d9-bbf1-ee521eed0a34}</UniqueIdentifier>
    </Filter>
    <Filter Include="Header Files\GUI\Dialog">
      <UniqueIdentifier>{787c17a4-47db-4b01-99b5-c11c5eca00c1}</UniqueIdentifier>
    </Filter>
    <Filter Include="Header Files\GUI\MenuBar">
      <UniqueIdentifier>{33f1a28f-202f-4f32-83de-b23da4d2ac07}</UniqueIdentifier>
    </Filter>
    <Filter Include="Source Files\GUI\Dialog">
      <UniqueIdentifier>{12f903f7-0a4b-428c-85e1-67b8e7aa7964}</UniqueIdentifier>
    </Filter>
    <Filter Include="Source Files\GUI\MenuBar">
      <UniqueIdentifier>{8d22a5f0-334c-41b4-a8ac-c035cf9e034f}</UniqueIdentifier>
    </Filter>
    <Filter Include="Header Files\ProjectFile">
      <UniqueIdentifier>{64b170a2-5d66-46cd-8479-4edaf6ba2d04}</UniqueIdentifier>
    </Filter>
    <Filter Include="Source Files\ProjectFile">
      <UniqueIdentifier>{88a46f46-eb39-40d1-8534-c3f064b68105}</UniqueIdentifier>
    </Filter>
    <Filter Include="Source Files\Controler">
      <UniqueIdentifier>{d2e077c3-647e-4570-bb0c-64ef0beda497}</UniqueIdentifier>
    </Filter>
    <Filter Include="Header Files\Controler">
      <UniqueIdentifier>{f5140b18-e8bf-4c18-81a6-3d4549d62db3}</UniqueIdentifier>
    </Filter>
    <Filter Include="Header Files\GUI\View">
      <UniqueIdentifier>{97d3a4e4-7c48-4b8b-bcc8-51f69209efcc}</UniqueIdentifier>
    </Filter>
    <Filter Include="Source Files\GUI\View">
      <UniqueIdentifier>{0b6845ac-24ad-4c22-87dd-37c1fa1427a3}</UniqueIdentifier>
    </Filter>
    <Filter Include="Header Files\GUI\Public">
      <UniqueIdentifier>{4f7a646a-af09-4445-8d4a-818671d3ea4e}</UniqueIdentifier>
    </Filter>
    <Filter Include="Source Files\GUI\Public">
      <UniqueIdentifier>{7c51498f-513e-4f25-9b5e-76d5c141994b}</UniqueIdentifier>
    </Filter>
  </ItemGroup>
  <ItemGroup>
    <ClCompile Include="VEDAGlobal.cpp">
      <Filter>Source Files</Filter>
    </ClCompile>
    <ClCompile Include="VEDAVersion.cpp">
      <Filter>Source Files</Filter>
    </ClCompile>
    <ClCompile Include="main.cpp">
      <Filter>Source Files</Filter>
    </ClCompile>
    <ClCompile Include="VEDAMenuBarFile.cpp">
      <Filter>Source Files\GUI\MenuBar</Filter>
    </ClCompile>
    <ClCompile Include="VEDAMenuBarHelp.cpp">
      <Filter>Source Files\GUI\MenuBar</Filter>
    </ClCompile>
    <ClCompile Include="VEDAMenuBarExport.cpp">
      <Filter>Source Files\GUI\MenuBar</Filter>
    </ClCompile>
    <ClCompile Include="VEDAAboutDialog.cpp">
      <Filter>Source Files\GUI\Dialog</Filter>
    </ClCompile>
    <ClCompile Include="VEDAInitProjectDialog.cpp">
      <Filter>Source Files\GUI\Dialog</Filter>
    </ClCompile>
    <ClCompile Include="VEDAFile.cpp">
      <Filter>Source Files\ProjectFile</Filter>
    </ClCompile>
    <ClCompile Include="VEDADataFile.cpp">
      <Filter>Source Files\ProjectFile</Filter>
    </ClCompile>
    <ClCompile Include="VEDAOperationFile.cpp">
      <Filter>Source Files\ProjectFile</Filter>
    </ClCompile>
    <ClCompile Include="VEDAModelFile.cpp">
      <Filter>Source Files\ProjectFile</Filter>
    </ClCompile>
    <ClCompile Include="VEDAPublicModel.cpp">
      <Filter>Source Files\ProjectFile</Filter>
    </ClCompile>
    <ClCompile Include="VEDAModelFileBase.cpp">
      <Filter>Source Files\ProjectFile</Filter>
    </ClCompile>
    <ClCompile Include="VEDADataFileBase.cpp">
      <Filter>Source Files\ProjectFile</Filter>
    </ClCompile>
    <ClCompile Include="VEDAProcessFile.cpp">
      <Filter>Source Files\ProjectFile</Filter>
    </ClCompile>
    <ClCompile Include="VEDAProjectFile.cpp">
      <Filter>Source Files\ProjectFile</Filter>
    </ClCompile>
    <ClCompile Include="VEDAReportFile.cpp">
      <Filter>Source Files\ProjectFile</Filter>
    </ClCompile>
    <ClCompile Include="VEDAReportConfigurationFile.cpp">
      <Filter>Source Files\ProjectFile</Filter>
    </ClCompile>
    <ClCompile Include="VEDAReportDataFile.cpp">
      <Filter>Source Files\ProjectFile</Filter>
    </ClCompile>
    <ClCompile Include="VEDAMainWindow.cpp">
      <Filter>Source Files\GUI</Filter>
    </ClCompile>
    <ClCompile Include="VEDAMainView.cpp">
      <Filter>Source Files\GUI</Filter>
    </ClCompile>
    <ClCompile Include="VEDATreeView.cpp">
      <Filter>Source Files\GUI</Filter>
    </ClCompile>
    <ClCompile Include="VEDAMainWidget.cpp">
      <Filter>Source Files\GUI</Filter>
    </ClCompile>
    <ClCompile Include="VEDAProjectHandler.cpp">
      <Filter>Source Files\Controler</Filter>
    </ClCompile>
    <ClCompile Include="VEDAGUIGlobal.cpp">
      <Filter>Source Files\GUI</Filter>
    </ClCompile>
    <ClCompile Include="VEDAHomeView.cpp">
      <Filter>Source Files\GUI\View</Filter>
    </ClCompile>
    <ClCompile Include="..\SSGUIUtilsSrc\SSUtils\GUI\QLoadingWidget.cpp">
      <Filter>Source Files\GUI\Public</Filter>
    </ClCompile>
    <ClCompile Include="..\SSGUIUtilsSrc\SSUtils\GUI\QMessageBoxUtils.cpp">
      <Filter>Source Files\GUI\Public</Filter>
    </ClCompile>
    <ClCompile Include="..\SSGUIUtilsSrc\SSUtils\GUI\QLoadingDialog.cpp">
      <Filter>Source Files\GUI\Public</Filter>
    </ClCompile>
    <ClCompile Include="..\SSGUIUtilsSrc\SSUtils\GUI\QWebEngineWidget.cpp">
      <Filter>Source Files\GUI\Public</Filter>
    </ClCompile>
    <ClCompile Include="VEDATreeViewItem.cpp">
      <Filter>Source Files\GUI</Filter>
    </ClCompile>
    <ClCompile Include="..\SSGUIUtilsSrc\SSUtils\GUI\IWebEngineDialogWidget.cpp">
      <Filter>Source Files\GUI\Public</Filter>
    </ClCompile>
    <ClCompile Include="VEDAInitProcessDialog.cpp">
      <Filter>Source Files\GUI\Dialog</Filter>
    </ClCompile>
    <ClCompile Include="VEDAInitOperationDialog.cpp">
      <Filter>Source Files\GUI\Dialog</Filter>
    </ClCompile>
    <ClCompile Include="VEDAInitModelDialog.cpp">
      <Filter>Source Files\GUI\Dialog</Filter>
    </ClCompile>
  </ItemGroup>
  <ItemGroup>
    <ClInclude Include="VEDAGlobal.h">
      <Filter>Header Files</Filter>
    </ClInclude>
    <ClInclude Include="VEDAVersion.h">
      <Filter>Header Files</Filter>
    </ClInclude>
    <ClInclude Include="VEDAMenuBar.h">
      <Filter>Header Files\GUI\MenuBar</Filter>
    </ClInclude>
    <ClInclude Include="VEDAMenuBarExport.h">
      <Filter>Header Files\GUI\MenuBar</Filter>
    </ClInclude>
    <ClInclude Include="VEDAMenuBarFile.h">
      <Filter>Header Files\GUI\MenuBar</Filter>
    </ClInclude>
    <ClInclude Include="VEDAMenuBarHelp.h">
      <Filter>Header Files\GUI\MenuBar</Filter>
    </ClInclude>
    <ClInclude Include="VEDAFile.h">
      <Filter>Header Files\ProjectFile</Filter>
    </ClInclude>
    <ClInclude Include="VEDADataFile.h">
      <Filter>Header Files\ProjectFile</Filter>
    </ClInclude>
    <ClInclude Include="VEDAOperationFile.h">
      <Filter>Header Files\ProjectFile</Filter>
    </ClInclude>
    <ClInclude Include="VEDAModelFile.h">
      <Filter>Header Files\ProjectFile</Filter>
    </ClInclude>
    <ClInclude Include="VEDAPublicModelFile.h">
      <Filter>Header Files\ProjectFile</Filter>
    </ClInclude>
    <ClInclude Include="VEDAModelFileBase.h">
      <Filter>Header Files\ProjectFile</Filter>
    </ClInclude>
    <ClInclude Include="VEDADataFileBase.h">
      <Filter>Header Files\ProjectFile</Filter>
    </ClInclude>
    <ClInclude Include="VEDAProcessFile.h">
      <Filter>Header Files\ProjectFile</Filter>
    </ClInclude>
    <ClInclude Include="VEDAProjectFile.h">
      <Filter>Header Files\ProjectFile</Filter>
    </ClInclude>
    <ClInclude Include="VEDAReportFile.h">
      <Filter>Header Files\ProjectFile</Filter>
    </ClInclude>
    <ClInclude Include="VEDAReportConfigurationFile.h">
      <Filter>Header Files\ProjectFile</Filter>
    </ClInclude>
    <ClInclude Include="VEDAReportDataFile.h">
      <Filter>Header Files\ProjectFile</Filter>
    </ClInclude>
    <ClInclude Include="VEDAReportConfigurationView.h">
      <Filter>Header Files\GUI\View</Filter>
    </ClInclude>
    <ClInclude Include="VEDARepoertDataView.h">
      <Filter>Header Files\GUI\View</Filter>
    </ClInclude>
    <ClInclude Include="VEDAPublicModelView.h">
      <Filter>Header Files\GUI\View</Filter>
    </ClInclude>
    <ClInclude Include="VEDAModelView.h">
      <Filter>Header Files\GUI\View</Filter>
    </ClInclude>
    <ClInclude Include="VEDADataView.h">
      <Filter>Header Files\GUI\View</Filter>
    </ClInclude>
    <ClInclude Include="VEDAAnalysisView.h">
      <Filter>Header Files\GUI\View</Filter>
    </ClInclude>
    <ClInclude Include="VEDAInitPublicModelDialog.h">
      <Filter>Header Files\GUI\Dialog</Filter>
    </ClInclude>
    <ClInclude Include="VEDAInitReportDialog.h">
      <Filter>Header Files\GUI\Dialog</Filter>
    </ClInclude>
    <ClInclude Include="VEDAInitReportConfigurationDialog.h">
      <Filter>Header Files\GUI\Dialog</Filter>
    </ClInclude>
    <ClInclude Include="VEDAInitReportDataDialog.h">
      <Filter>Header Files\GUI\Dialog</Filter>
    </ClInclude>
    <ClInclude Include="VEDAGUIGlobal.h">
      <Filter>Header Files\GUI</Filter>
    </ClInclude>
    <ClInclude Include="..\SSGUIUtilsSrc\SSUtils\GUI\IWebEngineDialogWidget.h">
      <Filter>Header Files\GUI\Public</Filter>
    </ClInclude>
    <ClInclude Include="..\SSGUIUtilsSrc\SSUtils\GUI\QDraggableFlatteningDialog.h">
      <Filter>Header Files\GUI\Public</Filter>
    </ClInclude>
    <ClInclude Include="..\SSGUIUtilsSrc\SSUtils\GUI\QDraggableFlatteningWidget.h">
      <Filter>Header Files\GUI\Public</Filter>
    </ClInclude>
    <ClInclude Include="..\SSGUIUtilsSrc\SSUtils\GUI\QLoadingDialog.h">
      <Filter>Header Files\GUI\Public</Filter>
    </ClInclude>
    <ClInclude Include="..\SSGUIUtilsSrc\SSUtils\GUI\QLoadingWidget.h">
      <Filter>Header Files\GUI\Public</Filter>
    </ClInclude>
    <ClInclude Include="..\SSGUIUtilsSrc\SSUtils\GUI\QMessageBoxUtils.h">
      <Filter>Header Files\GUI\Public</Filter>
    </ClInclude>
    <ClInclude Include="VEDATreeViewItem.h">
      <Filter>Header Files\GUI</Filter>
    </ClInclude>
  </ItemGroup>
  <ItemGroup>
    <QtMoc Include="VEDAAboutDialog.h">
      <Filter>Header Files\GUI\Dialog</Filter>
    </QtMoc>
    <QtMoc Include="VEDAInitProjectDialog.h">
      <Filter>Header Files\GUI\Dialog</Filter>
    </QtMoc>
    <QtMoc Include="VEDAMainWindow.h">
      <Filter>Header Files\GUI</Filter>
    </QtMoc>
    <QtMoc Include="VEDAMainView.h">
      <Filter>Header Files\GUI</Filter>
    </QtMoc>
    <QtMoc Include="VEDATreeView.h">
      <Filter>Header Files\GUI</Filter>
    </QtMoc>
    <QtMoc Include="VEDAMainWidget.h">
      <Filter>Header Files\GUI</Filter>
    </QtMoc>
    <QtMoc Include="VEDAProjectHandler.h">
      <Filter>Header Files\Controler</Filter>
    </QtMoc>
    <QtMoc Include="VEDAHomeView.h">
      <Filter>Header Files\GUI\View</Filter>
    </QtMoc>
    <QtMoc Include="..\SSGUIUtilsSrc\SSUtils\GUI\QWebEngineWidget.h">
      <Filter>Header Files\GUI\Public</Filter>
    </QtMoc>
    <QtMoc Include="VEDAInitProcessDialog.h">
      <Filter>Header Files\GUI\Dialog</Filter>
    </QtMoc>
    <QtMoc Include="VEDAInitOperationDialog.h">
      <Filter>Header Files\GUI\Dialog</Filter>
    </QtMoc>
    <QtMoc Include="VEDAInitModelDialog.h">
      <Filter>Header Files\GUI\Dialog</Filter>
    </QtMoc>
    <QtMoc Include="VEDAInitDataDialog.h">
      <Filter>Header Files\GUI\Dialog</Filter>
    </QtMoc>
  </ItemGroup>
  <ItemGroup>
    <QtUic Include="Forms\VEDAMainWindow.ui">
      <Filter>Form Files</Filter>
    </QtUic>
  </ItemGroup>
</Project>