<?xml version="1.0" encoding="utf-8"?>
<Project ToolsVersion="4.0" xmlns="http://schemas.microsoft.com/developer/msbuild/2003">
  <ItemGroup>
    <Filter Include="头文件">
      <UniqueIdentifier>{c601a1c4-d24d-4b3d-98ca-6376c0c0d085}</UniqueIdentifier>
    </Filter>
    <Filter Include="头文件\XSDAnlyzer">
      <UniqueIdentifier>{bcfc298f-d7d4-4625-a1f5-604d84803f68}</UniqueIdentifier>
    </Filter>
    <Filter Include="头文件\XSDFronted">
      <UniqueIdentifier>{8013678e-9ed9-4fb4-a7f8-1313121c8ae8}</UniqueIdentifier>
    </Filter>
    <Filter Include="头文件\XSDFronted\Attribute">
      <UniqueIdentifier>{51469b9d-b116-45f1-9d79-77dd5eb830a3}</UniqueIdentifier>
    </Filter>
    <Filter Include="头文件\XSDFronted\ComplexType">
      <UniqueIdentifier>{cf808611-ddf6-4b9f-998f-3386d3241890}</UniqueIdentifier>
    </Filter>
    <Filter Include="头文件\XSDFronted\Public">
      <UniqueIdentifier>{a51e1dc6-7912-4f6c-a202-35470b155690}</UniqueIdentifier>
    </Filter>
    <Filter Include="头文件\XSDFronted\Simpletype">
      <UniqueIdentifier>{42ee8f4c-79fc-4a90-a3de-d6a951abe760}</UniqueIdentifier>
    </Filter>
    <Filter Include="头文件\XSDNormalizer">
      <UniqueIdentifier>{bd17b209-383f-4fe3-8ce5-879f98d70c24}</UniqueIdentifier>
    </Filter>
    <Filter Include="源文件">
      <UniqueIdentifier>{aa32bf15-0ca4-4e18-88ce-85729d66532b}</UniqueIdentifier>
    </Filter>
    <Filter Include="源文件\XSDAnlyzer">
      <UniqueIdentifier>{984473b6-1ea9-4e39-8f43-b55a79fcf252}</UniqueIdentifier>
    </Filter>
    <Filter Include="源文件\XSDFronted">
      <UniqueIdentifier>{677a6501-b092-48ec-bb38-f2b77f40365f}</UniqueIdentifier>
    </Filter>
    <Filter Include="源文件\XSDFronted\Attribute">
      <UniqueIdentifier>{ab63cadc-467a-416a-b43f-1d3031122e38}</UniqueIdentifier>
    </Filter>
    <Filter Include="源文件\XSDFronted\ComplexType">
      <UniqueIdentifier>{a6c3de5c-60e7-4d29-b81d-7927d7881001}</UniqueIdentifier>
    </Filter>
    <Filter Include="源文件\XSDFronted\Public">
      <UniqueIdentifier>{c3da1e9b-9b72-48a1-b7ee-2d42f27239df}</UniqueIdentifier>
    </Filter>
    <Filter Include="源文件\XSDFronted\SimpleType">
      <UniqueIdentifier>{dc516b19-2389-47e1-8a4f-661b3fb73c1b}</UniqueIdentifier>
    </Filter>
    <Filter Include="源文件\XSDNormalizer">
      <UniqueIdentifier>{bbbfec46-649e-4a13-9ebf-1c3e5592a9be}</UniqueIdentifier>
    </Filter>
  </ItemGroup>
  <ItemGroup>
    <ClInclude Include="$(MSBuildThisFileDirectory)SSUtils\XSD\AttributeAnalyzer.h">
      <Filter>头文件\XSDAnlyzer</Filter>
    </ClInclude>
    <ClInclude Include="$(MSBuildThisFileDirectory)SSUtils\XSD\ComplexTypeAnalyzer.h">
      <Filter>头文件\XSDAnlyzer</Filter>
    </ClInclude>
    <ClInclude Include="$(MSBuildThisFileDirectory)SSUtils\XSD\SimpleTypeAnalyzer.h">
      <Filter>头文件\XSDAnlyzer</Filter>
    </ClInclude>
    <ClInclude Include="$(MSBuildThisFileDirectory)SSUtils\XSD\XSDAnalyzer.h">
      <Filter>头文件\XSDAnlyzer</Filter>
    </ClInclude>
    <ClInclude Include="$(MSBuildThisFileDirectory)SSUtils\XSD\AttributeNormalizer.h">
      <Filter>头文件\XSDNormalizer</Filter>
    </ClInclude>
    <ClInclude Include="$(MSBuildThisFileDirectory)SSUtils\XSD\ComplexTypeNormalizer.h">
      <Filter>头文件\XSDNormalizer</Filter>
    </ClInclude>
    <ClInclude Include="$(MSBuildThisFileDirectory)SSUtils\XSD\SimpleTypeNormalizer.h">
      <Filter>头文件\XSDNormalizer</Filter>
    </ClInclude>
    <ClInclude Include="$(MSBuildThisFileDirectory)SSUtils\XSD\XSDNormalizer.h">
      <Filter>头文件\XSDNormalizer</Filter>
    </ClInclude>
    <ClInclude Include="$(MSBuildThisFileDirectory)SSUtils\XSD\XSDModel.h">
      <Filter>头文件\XSDFronted</Filter>
    </ClInclude>
    <ClInclude Include="$(MSBuildThisFileDirectory)SSUtils\XSD\XSDToken.h">
      <Filter>头文件\XSDFronted</Filter>
    </ClInclude>
    <ClInclude Include="$(MSBuildThisFileDirectory)SSUtils\XSD\AnyAttribute.h">
      <Filter>头文件\XSDFronted\Attribute</Filter>
    </ClInclude>
    <ClInclude Include="$(MSBuildThisFileDirectory)SSUtils\XSD\AnyElement.h">
      <Filter>头文件\XSDFronted\ComplexType</Filter>
    </ClInclude>
    <ClInclude Include="$(MSBuildThisFileDirectory)SSUtils\XSD\Attribute.h">
      <Filter>头文件\XSDFronted\Attribute</Filter>
    </ClInclude>
    <ClInclude Include="$(MSBuildThisFileDirectory)SSUtils\XSD\AttributeGroup.h">
      <Filter>头文件\XSDFronted\Attribute</Filter>
    </ClInclude>
    <ClInclude Include="$(MSBuildThisFileDirectory)SSUtils\XSD\AttributeInterface.h">
      <Filter>头文件\XSDFronted\Attribute</Filter>
    </ClInclude>
    <ClInclude Include="$(MSBuildThisFileDirectory)SSUtils\XSD\AttributeModel.h">
      <Filter>头文件\XSDFronted\Attribute</Filter>
    </ClInclude>
    <ClInclude Include="$(MSBuildThisFileDirectory)SSUtils\XSD\ComplexContent.h">
      <Filter>头文件\XSDFronted\ComplexType</Filter>
    </ClInclude>
    <ClInclude Include="$(MSBuildThisFileDirectory)SSUtils\XSD\ComplexTypeInterface.h">
      <Filter>头文件\XSDFronted\ComplexType</Filter>
    </ClInclude>
    <ClInclude Include="$(MSBuildThisFileDirectory)SSUtils\XSD\ComplexTypeModel.h">
      <Filter>头文件\XSDFronted\ComplexType</Filter>
    </ClInclude>
    <ClInclude Include="$(MSBuildThisFileDirectory)SSUtils\XSD\ContainerType.h">
      <Filter>头文件\XSDFronted\Simpletype</Filter>
    </ClInclude>
    <ClInclude Include="$(MSBuildThisFileDirectory)SSUtils\XSD\DataType.h">
      <Filter>头文件\XSDFronted\Simpletype</Filter>
    </ClInclude>
    <ClInclude Include="$(MSBuildThisFileDirectory)SSUtils\XSD\DateTimeType.h">
      <Filter>头文件\XSDFronted\Simpletype</Filter>
    </ClInclude>
    <ClInclude Include="$(MSBuildThisFileDirectory)SSUtils\XSD\Element.h">
      <Filter>头文件\XSDFronted\ComplexType</Filter>
    </ClInclude>
    <ClInclude Include="$(MSBuildThisFileDirectory)SSUtils\XSD\ElementGroup.h">
      <Filter>头文件\XSDFronted\ComplexType</Filter>
    </ClInclude>
    <ClInclude Include="$(MSBuildThisFileDirectory)SSUtils\XSD\ElementInterface.h">
      <Filter>头文件\XSDFronted\ComplexType</Filter>
    </ClInclude>
    <ClInclude Include="$(MSBuildThisFileDirectory)SSUtils\XSD\NumberType.h">
      <Filter>头文件\XSDFronted\Simpletype</Filter>
    </ClInclude>
    <ClInclude Include="$(MSBuildThisFileDirectory)SSUtils\XSD\SimpleContent.h">
      <Filter>头文件\XSDFronted\ComplexType</Filter>
    </ClInclude>
    <ClInclude Include="$(MSBuildThisFileDirectory)SSUtils\XSD\SimpleTypeInterface.h">
      <Filter>头文件\XSDFronted\Simpletype</Filter>
    </ClInclude>
    <ClInclude Include="$(MSBuildThisFileDirectory)SSUtils\XSD\SimpleTypeLengthLimitConfiguration.h">
      <Filter>头文件\XSDFronted\Simpletype</Filter>
    </ClInclude>
    <ClInclude Include="$(MSBuildThisFileDirectory)SSUtils\XSD\SimpleTypeModel.h">
      <Filter>头文件\XSDFronted\Simpletype</Filter>
    </ClInclude>
    <ClInclude Include="$(MSBuildThisFileDirectory)SSUtils\XSD\SimpleTypeValueEnumrationConfiguration.h">
      <Filter>头文件\XSDFronted\Simpletype</Filter>
    </ClInclude>
    <ClInclude Include="$(MSBuildThisFileDirectory)SSUtils\XSD\SimpleTypeValueLimitConfiguration.h">
      <Filter>头文件\XSDFronted\Simpletype</Filter>
    </ClInclude>
    <ClInclude Include="$(MSBuildThisFileDirectory)SSUtils\XSD\StringType.h">
      <Filter>头文件\XSDFronted\Simpletype</Filter>
    </ClInclude>
    <ClInclude Include="$(MSBuildThisFileDirectory)SSUtils\XSD\XSDElementUtils.h">
      <Filter>头文件\XSDFronted\Public</Filter>
    </ClInclude>
    <ClInclude Include="$(MSBuildThisFileDirectory)SSUtils\XSD\XSDExtraAttributeInterface.h">
      <Filter>头文件\XSDFronted\Public</Filter>
    </ClInclude>
    <ClInclude Include="$(MSBuildThisFileDirectory)SSUtils\XSD\XSDNamedElementInterface.h">
      <Filter>头文件\XSDFronted\Public</Filter>
    </ClInclude>
    <ClInclude Include="$(MSBuildThisFileDirectory)SSUtils\XSD\XSDNamedTypedElementInterface.h">
      <Filter>头文件\XSDFronted\Public</Filter>
    </ClInclude>
    <ClInclude Include="$(MSBuildThisFileDirectory)SSUtils\XSD\XSDNumberLimitedElementInterface.h">
      <Filter>头文件\XSDFronted\Public</Filter>
    </ClInclude>
    <ClInclude Include="$(MSBuildThisFileDirectory)SSUtils\XSD\XSDParentedElementInterface.h">
      <Filter>头文件\XSDFronted\Public</Filter>
    </ClInclude>
    <ClInclude Include="$(MSBuildThisFileDirectory)SSUtils\XSD\XSDReferenceElementInterface.h">
      <Filter>头文件\XSDFronted\Public</Filter>
    </ClInclude>
    <ClInclude Include="$(MSBuildThisFileDirectory)SSUtils\XSD\XSDValueStatedElementInterface.h">
      <Filter>头文件\XSDFronted\Public</Filter>
    </ClInclude>
    <ClInclude Include="$(MSBuildThisFileDirectory)SSUtils\XSD\XSDGlobal.h">
      <Filter>头文件</Filter>
    </ClInclude>
  </ItemGroup>
  <ItemGroup>
    <ClCompile Include="$(MSBuildThisFileDirectory)SSUtils\XSD\AttributeAnalyzer.cpp">
      <Filter>源文件\XSDAnlyzer</Filter>
    </ClCompile>
    <ClCompile Include="$(MSBuildThisFileDirectory)SSUtils\XSD\ComplexTypeAnalyzer.cpp">
      <Filter>源文件\XSDAnlyzer</Filter>
    </ClCompile>
    <ClCompile Include="$(MSBuildThisFileDirectory)SSUtils\XSD\SimpleTypeAnalyzer.cpp">
      <Filter>源文件\XSDAnlyzer</Filter>
    </ClCompile>
    <ClCompile Include="$(MSBuildThisFileDirectory)SSUtils\XSD\XSDAnalyzer.cpp">
      <Filter>源文件\XSDAnlyzer</Filter>
    </ClCompile>
    <ClCompile Include="$(MSBuildThisFileDirectory)SSUtils\XSD\AttributeNormalizer.cpp">
      <Filter>源文件\XSDNormalizer</Filter>
    </ClCompile>
    <ClCompile Include="$(MSBuildThisFileDirectory)SSUtils\XSD\ComplexTypeNormalizer.cpp">
      <Filter>源文件\XSDNormalizer</Filter>
    </ClCompile>
    <ClCompile Include="$(MSBuildThisFileDirectory)SSUtils\XSD\SimpleTypeNormalizer.cpp">
      <Filter>源文件\XSDNormalizer</Filter>
    </ClCompile>
    <ClCompile Include="$(MSBuildThisFileDirectory)SSUtils\XSD\XSDNormalizer.cpp">
      <Filter>源文件\XSDNormalizer</Filter>
    </ClCompile>
    <ClCompile Include="$(MSBuildThisFileDirectory)SSUtils\XSD\XSDModel.cpp">
      <Filter>源文件\XSDFronted</Filter>
    </ClCompile>
    <ClCompile Include="$(MSBuildThisFileDirectory)SSUtils\XSD\XSDToken.cpp">
      <Filter>源文件\XSDFronted</Filter>
    </ClCompile>
    <ClCompile Include="$(MSBuildThisFileDirectory)SSUtils\XSD\AnyAttribute.cpp">
      <Filter>源文件\XSDFronted\Attribute</Filter>
    </ClCompile>
    <ClCompile Include="$(MSBuildThisFileDirectory)SSUtils\XSD\AnyElement.cpp">
      <Filter>源文件\XSDFronted\ComplexType</Filter>
    </ClCompile>
    <ClCompile Include="$(MSBuildThisFileDirectory)SSUtils\XSD\Attribute.cpp">
      <Filter>源文件\XSDFronted\Attribute</Filter>
    </ClCompile>
    <ClCompile Include="$(MSBuildThisFileDirectory)SSUtils\XSD\AttributeGroup.cpp">
      <Filter>源文件\XSDFronted\Attribute</Filter>
    </ClCompile>
    <ClCompile Include="$(MSBuildThisFileDirectory)SSUtils\XSD\AttributeModel.cpp">
      <Filter>源文件\XSDFronted\Attribute</Filter>
    </ClCompile>
    <ClCompile Include="$(MSBuildThisFileDirectory)SSUtils\XSD\ComplexContent.cpp">
      <Filter>源文件\XSDFronted\ComplexType</Filter>
    </ClCompile>
    <ClCompile Include="$(MSBuildThisFileDirectory)SSUtils\XSD\ComplexTypeInterface.cpp">
      <Filter>源文件\XSDFronted\ComplexType</Filter>
    </ClCompile>
    <ClCompile Include="$(MSBuildThisFileDirectory)SSUtils\XSD\ComplexTypeModel.cpp">
      <Filter>源文件\XSDFronted\ComplexType</Filter>
    </ClCompile>
    <ClCompile Include="$(MSBuildThisFileDirectory)SSUtils\XSD\ContainerType.cpp">
      <Filter>源文件\XSDFronted\SimpleType</Filter>
    </ClCompile>
    <ClCompile Include="$(MSBuildThisFileDirectory)SSUtils\XSD\DataType.cpp">
      <Filter>源文件\XSDFronted\SimpleType</Filter>
    </ClCompile>
    <ClCompile Include="$(MSBuildThisFileDirectory)SSUtils\XSD\DateTimeType.cpp">
      <Filter>源文件\XSDFronted\SimpleType</Filter>
    </ClCompile>
    <ClCompile Include="$(MSBuildThisFileDirectory)SSUtils\XSD\Element.cpp">
      <Filter>源文件\XSDFronted\ComplexType</Filter>
    </ClCompile>
    <ClCompile Include="$(MSBuildThisFileDirectory)SSUtils\XSD\ElementGroup.cpp">
      <Filter>源文件\XSDFronted\ComplexType</Filter>
    </ClCompile>
    <ClCompile Include="$(MSBuildThisFileDirectory)SSUtils\XSD\NumberType.cpp">
      <Filter>源文件\XSDFronted\SimpleType</Filter>
    </ClCompile>
    <ClCompile Include="$(MSBuildThisFileDirectory)SSUtils\XSD\SimpleContent.cpp">
      <Filter>源文件\XSDFronted\ComplexType</Filter>
    </ClCompile>
    <ClCompile Include="$(MSBuildThisFileDirectory)SSUtils\XSD\SimpleTypeInterface.cpp">
      <Filter>源文件\XSDFronted\SimpleType</Filter>
    </ClCompile>
    <ClCompile Include="$(MSBuildThisFileDirectory)SSUtils\XSD\SimpleTypeLengthLimitConfiguration.cpp">
      <Filter>源文件\XSDFronted\SimpleType</Filter>
    </ClCompile>
    <ClCompile Include="$(MSBuildThisFileDirectory)SSUtils\XSD\SimpleTypeModel.cpp">
      <Filter>源文件\XSDFronted\SimpleType</Filter>
    </ClCompile>
    <ClCompile Include="$(MSBuildThisFileDirectory)SSUtils\XSD\StringType.cpp">
      <Filter>源文件\XSDFronted\SimpleType</Filter>
    </ClCompile>
    <ClCompile Include="$(MSBuildThisFileDirectory)SSUtils\XSD\XSDExtraAttributeInterface.cpp">
      <Filter>源文件\XSDFronted\Public</Filter>
    </ClCompile>
    <ClCompile Include="$(MSBuildThisFileDirectory)SSUtils\XSD\XSDNamedElementInterface.cpp">
      <Filter>源文件\XSDFronted\Public</Filter>
    </ClCompile>
    <ClCompile Include="$(MSBuildThisFileDirectory)SSUtils\XSD\XSDNamedTypedElementInterface.cpp">
      <Filter>源文件\XSDFronted\Public</Filter>
    </ClCompile>
    <ClCompile Include="$(MSBuildThisFileDirectory)SSUtils\XSD\XSDNumberLimitedElementInterface.cpp">
      <Filter>源文件\XSDFronted\Public</Filter>
    </ClCompile>
    <ClCompile Include="$(MSBuildThisFileDirectory)SSUtils\XSD\XSDValueStatedElementInterface.cpp">
      <Filter>源文件\XSDFronted\Public</Filter>
    </ClCompile>
  </ItemGroup>
</Project>